[[package]]
category = "main"
description = "Atomic file writes."
marker = "sys_platform == \"win32\""
name = "atomicwrites"
optional = false
python-versions = ">=2.7, !=3.0.*, !=3.1.*, !=3.2.*, !=3.3.*"
version = "1.3.0"

[[package]]
category = "main"
description = "Classes Without Boilerplate"
name = "attrs"
optional = false
python-versions = ">=2.7, !=3.0.*, !=3.1.*, !=3.2.*, !=3.3.*"
version = "19.3.0"

[package.extras]
azure-pipelines = ["coverage", "hypothesis", "pympler", "pytest (>=4.3.0)", "six", "zope.interface", "pytest-azurepipelines"]
dev = ["coverage", "hypothesis", "pympler", "pytest (>=4.3.0)", "six", "zope.interface", "sphinx", "pre-commit"]
docs = ["sphinx", "zope.interface"]
tests = ["coverage", "hypothesis", "pympler", "pytest (>=4.3.0)", "six", "zope.interface"]

[[package]]
category = "main"
description = "Extensible memoizing collections and decorators"
name = "cachetools"
optional = false
python-versions = "~=3.5"
version = "4.0.0"

[[package]]
category = "main"
description = "Python package for providing Mozilla's CA Bundle."
name = "certifi"
optional = false
python-versions = "*"
version = "2019.11.28"

[[package]]
category = "main"
description = "Universal encoding detector for Python 2 and 3"
name = "chardet"
optional = false
python-versions = "*"
version = "3.0.4"

[[package]]
category = "main"
description = "Cross-platform colored terminal text."
marker = "sys_platform == \"win32\""
name = "colorama"
optional = false
python-versions = ">=2.7, !=3.0.*, !=3.1.*, !=3.2.*, !=3.3.*, !=3.4.*"
version = "0.4.3"

[[package]]
category = "main"
description = "Google API client core library"
name = "google-api-core"
optional = false
python-versions = ">=2.7,!=3.0.*,!=3.1.*,!=3.2.*,!=3.3.*"
version = "1.15.0"

[package.dependencies]
google-auth = ">=0.4.0,<2.0dev"
googleapis-common-protos = ">=1.6.0,<2.0dev"
protobuf = ">=3.4.0"
pytz = "*"
requests = ">=2.18.0,<3.0.0dev"
setuptools = ">=34.0.0"
six = ">=1.10.0"

[package.extras]
grpc = ["grpcio (>=1.8.2,<2.0dev)"]
grpcgcp = ["grpcio-gcp (>=0.2.2)"]
grpcio-gcp = ["grpcio-gcp (>=0.2.2)"]

[[package]]
category = "main"
description = "Google Authentication Library"
name = "google-auth"
optional = false
python-versions = ">=2.7,!=3.0.*,!=3.1.*,!=3.2.*,!=3.3.*"
version = "1.10.0"

[package.dependencies]
cachetools = ">=2.0.0,<5.0"
pyasn1-modules = ">=0.2.1"
rsa = ">=3.1.4,<4.1"
setuptools = ">=40.3.0"
six = ">=1.9.0"

[[package]]
category = "main"
description = "Google BigQuery API client library"
name = "google-cloud-bigquery"
optional = false
python-versions = ">=2.7,!=3.0.*,!=3.1.*,!=3.2.*,!=3.3.*"
version = "1.23.1"

[package.dependencies]
google-cloud-core = ">=1.0.3,<2.0dev"
google-resumable-media = ">=0.3.1,<0.4.0 || >0.4.0,<0.6.0dev"
protobuf = ">=3.6.0"
six = ">=1.13.0,<2.0.0dev"

[package.extras]
all = ["google-cloud-bigquery-storage (>=0.6.0,<2.0.0dev)", "pyarrow (>=0.13.0,<0.14.0 || >0.14.0)", "pandas (>=0.17.1)", "pyarrow (>=0.4.1,<0.14.0 || >0.14.0)", "tqdm (>=4.0.0,<5.0.0dev)"]
bqstorage = ["google-cloud-bigquery-storage (>=0.6.0,<2.0.0dev)", "pyarrow (>=0.13.0,<0.14.0 || >0.14.0)"]
fastparquet = ["fastparquet", "python-snappy"]
pandas = ["pandas (>=0.17.1)"]
pyarrow = ["pyarrow (>=0.4.1,<0.14.0 || >0.14.0)"]
tqdm = ["tqdm (>=4.0.0,<5.0.0dev)"]

[[package]]
category = "main"
description = "Google Cloud API client core library"
name = "google-cloud-core"
optional = false
python-versions = ">=2.7,!=3.0.*,!=3.1.*,!=3.2.*,!=3.3.*"
version = "1.1.0"

[package.dependencies]
google-api-core = ">=1.14.0,<2.0.0dev"

[package.extras]
grpc = ["grpcio (>=1.8.2,<2.0dev)"]

[[package]]
category = "main"
description = "Utilities for Google Media Downloads and Resumable Uploads"
name = "google-resumable-media"
optional = false
python-versions = ">=2.7,!=3.0.*,!=3.1.*,!=3.2.*,!=3.3.*"
version = "0.5.0"

[package.dependencies]
six = "*"

[package.extras]
requests = ["requests (>=2.18.0,<3.0.0dev)"]

[[package]]
category = "main"
description = "Common protobufs used in Google APIs"
name = "googleapis-common-protos"
optional = false
python-versions = "*"
version = "1.6.0"

[package.dependencies]
protobuf = ">=3.6.0"

[package.extras]
grpc = ["grpcio (>=1.0.0)"]

[[package]]
category = "main"
description = "Internationalized Domain Names in Applications (IDNA)"
name = "idna"
optional = false
python-versions = ">=2.7, !=3.0.*, !=3.1.*, !=3.2.*, !=3.3.*"
version = "2.8"

[[package]]
category = "main"
description = "Read metadata from Python packages"
marker = "python_version < \"3.8\""
name = "importlib-metadata"
optional = false
python-versions = "!=3.0.*,!=3.1.*,!=3.2.*,!=3.3.*,!=3.4.*,>=2.7"
version = "1.3.0"

[package.dependencies]
zipp = ">=0.5"

[package.extras]
docs = ["sphinx", "rst.linker"]
testing = ["packaging", "importlib-resources"]

[[package]]
category = "main"
description = "More routines for operating on iterables, beyond itertools"
name = "more-itertools"
optional = false
python-versions = ">=3.5"
version = "8.0.2"

[[package]]
category = "main"
description = "Core utilities for Python packages"
name = "packaging"
optional = false
python-versions = ">=2.7, !=3.0.*, !=3.1.*, !=3.2.*, !=3.3.*"
version = "19.2"

[package.dependencies]
pyparsing = ">=2.0.2"
six = "*"

[[package]]
category = "main"
description = "plugin and hook calling mechanisms for python"
name = "pluggy"
optional = false
python-versions = ">=2.7, !=3.0.*, !=3.1.*, !=3.2.*, !=3.3.*"
version = "0.13.1"

[package.dependencies]
[package.dependencies.importlib-metadata]
python = "<3.8"
version = ">=0.12"

[package.extras]
dev = ["pre-commit", "tox"]

[[package]]
category = "main"
description = "Protocol Buffers"
name = "protobuf"
optional = false
python-versions = "*"
version = "3.11.1"

[package.dependencies]
setuptools = "*"
six = ">=1.9"

[[package]]
category = "main"
description = "library with cross-python path, ini-parsing, io, code, log facilities"
name = "py"
optional = false
python-versions = ">=2.7, !=3.0.*, !=3.1.*, !=3.2.*, !=3.3.*"
version = "1.8.0"

[[package]]
category = "main"
description = "ASN.1 types and codecs"
name = "pyasn1"
optional = false
python-versions = "*"
version = "0.4.8"

[[package]]
category = "main"
description = "A collection of ASN.1-based protocols modules."
name = "pyasn1-modules"
optional = false
python-versions = "*"
version = "0.2.7"

[package.dependencies]
pyasn1 = ">=0.4.6,<0.5.0"

[[package]]
category = "main"
description = "Python parsing module"
name = "pyparsing"
optional = false
python-versions = ">=2.6, !=3.0.*, !=3.1.*, !=3.2.*"
version = "2.4.5"

[[package]]
category = "main"
description = "pytest: simple powerful testing with Python"
name = "pytest"
optional = false
python-versions = ">=3.5"
version = "5.3.2"

[package.dependencies]
atomicwrites = ">=1.0"
attrs = ">=17.4.0"
colorama = "*"
more-itertools = ">=4.0.0"
packaging = "*"
pluggy = ">=0.12,<1.0"
py = ">=1.5.0"
wcwidth = "*"

[package.dependencies.importlib-metadata]
python = "<3.8"
version = ">=0.12"

[package.extras]
testing = ["argcomplete", "hypothesis (>=3.56)", "mock", "nose", "requests", "xmlschema"]

[[package]]
category = "main"
description = "World timezone definitions, modern and historical"
name = "pytz"
optional = false
python-versions = "*"
version = "2019.3"

[[package]]
category = "main"
description = "Python HTTP for Humans."
name = "requests"
optional = false
python-versions = ">=2.7, !=3.0.*, !=3.1.*, !=3.2.*, !=3.3.*, !=3.4.*"
version = "2.22.0"

[package.dependencies]
certifi = ">=2017.4.17"
chardet = ">=3.0.2,<3.1.0"
idna = ">=2.5,<2.9"
urllib3 = ">=1.21.1,<1.25.0 || >1.25.0,<1.25.1 || >1.25.1,<1.26"

[package.extras]
security = ["pyOpenSSL (>=0.14)", "cryptography (>=1.3.4)", "idna (>=2.0.0)"]
socks = ["PySocks (>=1.5.6,<1.5.7 || >1.5.7)", "win-inet-pton"]

[[package]]
category = "main"
description = "Pure-Python RSA implementation"
name = "rsa"
optional = false
python-versions = "*"
version = "4.0"

[package.dependencies]
pyasn1 = ">=0.1.3"

[[package]]
category = "main"
description = "Python 2 and 3 compatibility utilities"
name = "six"
optional = false
python-versions = ">=2.6, !=3.0.*, !=3.1.*"
version = "1.13.0"

[[package]]
category = "main"
description = "Non-validating SQL parser"
name = "sqlparse"
optional = false
python-versions = "*"
version = "0.2.4"

[[package]]
category = "main"
description = "Pretty-print tabular data"
name = "tabulate"
optional = false
python-versions = "*"
version = "0.8.6"

[package.extras]
widechars = ["wcwidth"]

[[package]]
category = "main"
description = "HTTP library with thread-safe connection pooling, file post, and more."
name = "urllib3"
optional = false
python-versions = ">=2.7, !=3.0.*, !=3.1.*, !=3.2.*, !=3.3.*, <4"
version = "1.25.7"

[package.extras]
brotli = ["brotlipy (>=0.6.0)"]
secure = ["pyOpenSSL (>=0.14)", "cryptography (>=1.3.4)", "idna (>=2.0.0)", "certifi", "ipaddress"]
socks = ["PySocks (>=1.5.6,<1.5.7 || >1.5.7,<2.0)"]

[[package]]
category = "main"
description = "Measures number of Terminal column cells of wide-character codes"
name = "wcwidth"
optional = false
python-versions = "*"
version = "0.1.7"

[[package]]
category = "main"
description = "Backport of pathlib-compatible object wrapper for zip files"
marker = "python_version < \"3.8\""
name = "zipp"
optional = false
python-versions = ">=2.7"
version = "0.6.0"

[package.dependencies]
more-itertools = "*"

[package.extras]
docs = ["sphinx", "jaraco.packaging (>=3.2)", "rst.linker (>=1.9)"]
testing = ["pathlib2", "contextlib2", "unittest2"]

[metadata]
content-hash = "1ad0caeb708d09801f641e9c45c07b7fed956a84cbff61e51c17f61c7e5cd3c6"
python-versions = "^3.7"

[metadata.files]
atomicwrites = [
    {file = "atomicwrites-1.3.0-py2.py3-none-any.whl", hash = "sha256:03472c30eb2c5d1ba9227e4c2ca66ab8287fbfbbda3888aa93dc2e28fc6811b4"},
    {file = "atomicwrites-1.3.0.tar.gz", hash = "sha256:75a9445bac02d8d058d5e1fe689654ba5a6556a1dfd8ce6ec55a0ed79866cfa6"},
]
attrs = [
    {file = "attrs-19.3.0-py2.py3-none-any.whl", hash = "sha256:08a96c641c3a74e44eb59afb61a24f2cb9f4d7188748e76ba4bb5edfa3cb7d1c"},
    {file = "attrs-19.3.0.tar.gz", hash = "sha256:f7b7ce16570fe9965acd6d30101a28f62fb4a7f9e926b3bbc9b61f8b04247e72"},
]
cachetools = [
    {file = "cachetools-4.0.0-py3-none-any.whl", hash = "sha256:b304586d357c43221856be51d73387f93e2a961598a9b6b6670664746f3b6c6c"},
    {file = "cachetools-4.0.0.tar.gz", hash = "sha256:9a52dd97a85f257f4e4127f15818e71a0c7899f121b34591fcc1173ea79a0198"},
]
certifi = [
    {file = "certifi-2019.11.28-py2.py3-none-any.whl", hash = "sha256:017c25db2a153ce562900032d5bc68e9f191e44e9a0f762f373977de9df1fbb3"},
    {file = "certifi-2019.11.28.tar.gz", hash = "sha256:25b64c7da4cd7479594d035c08c2d809eb4aab3a26e5a990ea98cc450c320f1f"},
]
chardet = [
    {file = "chardet-3.0.4-py2.py3-none-any.whl", hash = "sha256:fc323ffcaeaed0e0a02bf4d117757b98aed530d9ed4531e3e15460124c106691"},
    {file = "chardet-3.0.4.tar.gz", hash = "sha256:84ab92ed1c4d4f16916e05906b6b75a6c0fb5db821cc65e70cbd64a3e2a5eaae"},
]
colorama = [
    {file = "colorama-0.4.3-py2.py3-none-any.whl", hash = "sha256:7d73d2a99753107a36ac6b455ee49046802e59d9d076ef8e47b61499fa29afff"},
    {file = "colorama-0.4.3.tar.gz", hash = "sha256:e96da0d330793e2cb9485e9ddfd918d456036c7149416295932478192f4436a1"},
]
google-api-core = [
    {file = "google-api-core-1.15.0.tar.gz", hash = "sha256:2d661c8d650a1df5805d0e360121cb55c55d8bd29f858fa62cbe943e59ce89f7"},
    {file = "google_api_core-1.15.0-py2.py3-none-any.whl", hash = "sha256:9006e1641599345056cc690a934e1262107c78d969d72cf96412f6db5d32147f"},
]
google-auth = [
    {file = "google-auth-1.10.0.tar.gz", hash = "sha256:7bb2034a3a290190cf4e3eb8ebf29e5025c90f0b06a00ba4d1fb94bf0c6448f7"},
    {file = "google_auth-1.10.0-py2.py3-none-any.whl", hash = "sha256:c57074e594d2c6e3e316162734e8af3e15d40252022e69414cba67de66594417"},
]
google-cloud-bigquery = [
    {file = "google-cloud-bigquery-1.23.1.tar.gz", hash = "sha256:99c341592d711d8f131fe80d842f7e1b04b2ca1faefa1ffedf4dec1b382cebf6"},
    {file = "google_cloud_bigquery-1.23.1-py2.py3-none-any.whl", hash = "sha256:7e4c54a5256d9b1fe17dd08fd964ad8d8c67007a1b2c782838c77fdb2d594ccc"},
]
google-cloud-core = [
    {file = "google-cloud-core-1.1.0.tar.gz", hash = "sha256:49036087c1170c3fad026e45189f17092b8c584a9accb2d73d1854f494e223ae"},
    {file = "google_cloud_core-1.1.0-py2.py3-none-any.whl", hash = "sha256:63c93d989d92a782efe8d9606ea2ad37673361ab0c3e7f965a5640d30ff14f20"},
]
google-resumable-media = [
    {file = "google-resumable-media-0.5.0.tar.gz", hash = "sha256:2a8fd188afe1cbfd5998bf20602f76b0336aa892de88fe842a806b9a3ed78d2a"},
    {file = "google_resumable_media-0.5.0-py2.py3-none-any.whl", hash = "sha256:b86140d5a0b6d290084b11bde90ee9aecad357ba0e0d67388d016b8340320927"},
]
googleapis-common-protos = [
    {file = "googleapis-common-protos-1.6.0.tar.gz", hash = "sha256:e61b8ed5e36b976b487c6e7b15f31bb10c7a0ca7bd5c0e837f4afab64b53a0c6"},
]
idna = [
    {file = "idna-2.8-py2.py3-none-any.whl", hash = "sha256:ea8b7f6188e6fa117537c3df7da9fc686d485087abf6ac197f9c46432f7e4a3c"},
    {file = "idna-2.8.tar.gz", hash = "sha256:c357b3f628cf53ae2c4c05627ecc484553142ca23264e593d327bcde5e9c3407"},
]
importlib-metadata = [
    {file = "importlib_metadata-1.3.0-py2.py3-none-any.whl", hash = "sha256:d95141fbfa7ef2ec65cfd945e2af7e5a6ddbd7c8d9a25e66ff3be8e3daf9f60f"},
    {file = "importlib_metadata-1.3.0.tar.gz", hash = "sha256:073a852570f92da5f744a3472af1b61e28e9f78ccf0c9117658dc32b15de7b45"},
]
more-itertools = [
    {file = "more-itertools-8.0.2.tar.gz", hash = "sha256:b84b238cce0d9adad5ed87e745778d20a3f8487d0f0cb8b8a586816c7496458d"},
    {file = "more_itertools-8.0.2-py3-none-any.whl", hash = "sha256:c833ef592a0324bcc6a60e48440da07645063c453880c9477ceb22490aec1564"},
]
packaging = [
    {file = "packaging-19.2-py2.py3-none-any.whl", hash = "sha256:d9551545c6d761f3def1677baf08ab2a3ca17c56879e70fecba2fc4dde4ed108"},
    {file = "packaging-19.2.tar.gz", hash = "sha256:28b924174df7a2fa32c1953825ff29c61e2f5e082343165438812f00d3a7fc47"},
]
pluggy = [
    {file = "pluggy-0.13.1-py2.py3-none-any.whl", hash = "sha256:966c145cd83c96502c3c3868f50408687b38434af77734af1e9ca461a4081d2d"},
    {file = "pluggy-0.13.1.tar.gz", hash = "sha256:15b2acde666561e1298d71b523007ed7364de07029219b604cf808bfa1c765b0"},
]
protobuf = [
    {file = "protobuf-3.11.1-cp27-cp27m-macosx_10_9_intel.whl", hash = "sha256:34a7270940f86da7a28be466ac541c89b6dbf144a6348b9cf7ac6f56b71006ce"},
    {file = "protobuf-3.11.1-cp27-cp27mu-manylinux1_x86_64.whl", hash = "sha256:e028fee51c96de4e81924484c77111dfdea14010ecfc906ea5b252209b0c4de6"},
    {file = "protobuf-3.11.1-cp35-cp35m-macosx_10_9_intel.whl", hash = "sha256:29bd1ed46b2536ad8959401a2f02d2d7b5a309f8e97518e4f92ca6c5ba74dbed"},
    {file = "protobuf-3.11.1-cp35-cp35m-manylinux1_x86_64.whl", hash = "sha256:839bad7d115c77cdff29b488fae6a3ab503ce9a4192bd4c42302a6ea8e5d0f33"},
    {file = "protobuf-3.11.1-cp35-cp35m-win32.whl", hash = "sha256:c65d135ea2d85d40309e268106dab02d3bea723db2db21c23ecad4163ced210b"},
    {file = "protobuf-3.11.1-cp35-cp35m-win_amd64.whl", hash = "sha256:38cbc830a4a5ba9956763b0f37090bfd14dd74e72762be6225de2ceac55f4d03"},
    {file = "protobuf-3.11.1-cp36-cp36m-macosx_10_9_intel.whl", hash = "sha256:c98dea04a1ff41a70aff2489610f280004831798cb36a068013eed04c698903d"},
    {file = "protobuf-3.11.1-cp36-cp36m-manylinux1_x86_64.whl", hash = "sha256:0265379852b9e1f76af6d3d3fe4b3c383a595cc937594bda8565cf69a96baabd"},
    {file = "protobuf-3.11.1-cp36-cp36m-win32.whl", hash = "sha256:934a9869a7f3b0d84eca460e386fba1f7ba2a0c1a120a2648bc41fadf50efd1c"},
    {file = "protobuf-3.11.1-cp36-cp36m-win_amd64.whl", hash = "sha256:3175d45698edb9a07c1a78a1a4850e674ce8988f20596580158b1d0921d0f057"},
    {file = "protobuf-3.11.1-cp37-cp37m-macosx_10_9_intel.whl", hash = "sha256:d9049aa194378a426f0b2c784e2054565bf6f754d20fcafdee7102a6250556e8"},
    {file = "protobuf-3.11.1-cp37-cp37m-manylinux1_x86_64.whl", hash = "sha256:e88a924b591b06d0191620e9c8aa75297b3111066bb09d49a24bae1054a10c13"},
    {file = "protobuf-3.11.1-cp37-cp37m-win32.whl", hash = "sha256:c4e90bc27c0691c76e09b5dc506133451e52caee1472b8b3c741b7c912ce43ef"},
    {file = "protobuf-3.11.1-cp37-cp37m-win_amd64.whl", hash = "sha256:e84ad26fb50091b1ea676403c0dd2bd47663099454aa6d88000b1dafecab0941"},
    {file = "protobuf-3.11.1-py2.7.egg", hash = "sha256:200b77e51f17fbc1d3049045f5835f60405dec3a00fe876b9b986592e46d908c"},
    {file = "protobuf-3.11.1-py2.py3-none-any.whl", hash = "sha256:665194f5ad386511ac8d8a0bd57b9ab37b8dd2cd71969458777318e774b9cd46"},
    {file = "protobuf-3.11.1.tar.gz", hash = "sha256:aecdf12ef6dc7fd91713a6da93a86c2f2a8fe54840a3b1670853a2b7402e77c9"},
]
py = [
    {file = "py-1.8.0-py2.py3-none-any.whl", hash = "sha256:64f65755aee5b381cea27766a3a147c3f15b9b6b9ac88676de66ba2ae36793fa"},
    {file = "py-1.8.0.tar.gz", hash = "sha256:dc639b046a6e2cff5bbe40194ad65936d6ba360b52b3c3fe1d08a82dd50b5e53"},
]
pyasn1 = [
    {file = "pyasn1-0.4.8-py2.4.egg", hash = "sha256:fec3e9d8e36808a28efb59b489e4528c10ad0f480e57dcc32b4de5c9d8c9fdf3"},
    {file = "pyasn1-0.4.8-py2.5.egg", hash = "sha256:0458773cfe65b153891ac249bcf1b5f8f320b7c2ce462151f8fa74de8934becf"},
    {file = "pyasn1-0.4.8-py2.6.egg", hash = "sha256:5c9414dcfede6e441f7e8f81b43b34e834731003427e5b09e4e00e3172a10f00"},
    {file = "pyasn1-0.4.8-py2.7.egg", hash = "sha256:6e7545f1a61025a4e58bb336952c5061697da694db1cae97b116e9c46abcf7c8"},
    {file = "pyasn1-0.4.8-py2.py3-none-any.whl", hash = "sha256:39c7e2ec30515947ff4e87fb6f456dfc6e84857d34be479c9d4a4ba4bf46aa5d"},
    {file = "pyasn1-0.4.8-py3.1.egg", hash = "sha256:78fa6da68ed2727915c4767bb386ab32cdba863caa7dbe473eaae45f9959da86"},
    {file = "pyasn1-0.4.8-py3.2.egg", hash = "sha256:08c3c53b75eaa48d71cf8c710312316392ed40899cb34710d092e96745a358b7"},
    {file = "pyasn1-0.4.8-py3.3.egg", hash = "sha256:03840c999ba71680a131cfaee6fab142e1ed9bbd9c693e285cc6aca0d555e576"},
    {file = "pyasn1-0.4.8-py3.4.egg", hash = "sha256:7ab8a544af125fb704feadb008c99a88805126fb525280b2270bb25cc1d78a12"},
    {file = "pyasn1-0.4.8-py3.5.egg", hash = "sha256:e89bf84b5437b532b0803ba5c9a5e054d21fec423a89952a74f87fa2c9b7bce2"},
    {file = "pyasn1-0.4.8-py3.6.egg", hash = "sha256:014c0e9976956a08139dc0712ae195324a75e142284d5f87f1a87ee1b068a359"},
    {file = "pyasn1-0.4.8-py3.7.egg", hash = "sha256:99fcc3c8d804d1bc6d9a099921e39d827026409a58f2a720dcdb89374ea0c776"},
    {file = "pyasn1-0.4.8.tar.gz", hash = "sha256:aef77c9fb94a3ac588e87841208bdec464471d9871bd5050a287cc9a475cd0ba"},
]
pyasn1-modules = [
    {file = "pyasn1-modules-0.2.7.tar.gz", hash = "sha256:0c35a52e00b672f832e5846826f1fb7507907f7d52fba6faa9e3c4cbe874fe4b"},
    {file = "pyasn1_modules-0.2.7-py2.4.egg", hash = "sha256:233f55c840e821e76828262db976ac894b285909d22d060c2bdb522e7bf28cc6"},
    {file = "pyasn1_modules-0.2.7-py2.5.egg", hash = "sha256:9ca5e376a6d9dee35bb3a62608dfa2e6698798aa6b8db3c7afd0eb31af0d63c7"},
    {file = "pyasn1_modules-0.2.7-py2.6.egg", hash = "sha256:27581362b4253b9c999882a64df974124cde12be0bf2c04148a0d68bc6bbb7b8"},
    {file = "pyasn1_modules-0.2.7-py2.7.egg", hash = "sha256:13a6955947d8a554de78fc305a4d651f20fb5580b88612a5f0661d4f189d27ac"},
    {file = "pyasn1_modules-0.2.7-py2.py3-none-any.whl", hash = "sha256:b6ada4f840fe51abf5a6bd545b45bf537bea62221fa0dde2e8a553ed9f06a4e3"},
    {file = "pyasn1_modules-0.2.7-py3.1.egg", hash = "sha256:9b972f81f59d896cebb9ebb1d44296f1acb28bf7869443c37551f4eed8d74f83"},
    {file = "pyasn1_modules-0.2.7-py3.2.egg", hash = "sha256:64f6aecf26e93f6a3ba3725b4eb9f532551747d7a63ca9ff43aef12f4bf11eac"},
    {file = "pyasn1_modules-0.2.7-py3.3.egg", hash = "sha256:33c220a2701032261a23eea6e9881404ac6fc7ff96f183b5353fea8fc8962547"},
    {file = "pyasn1_modules-0.2.7-py3.4.egg", hash = "sha256:24d54188cb7abd750e0a2cba61b7b46a75608175a0c3c1b1eee08322915d8d21"},
    {file = "pyasn1_modules-0.2.7-py3.5.egg", hash = "sha256:7b4edf07ca2f759d7cf693184be09f22e067c2eb52b03c770d0a2e9de1c67dfd"},
    {file = "pyasn1_modules-0.2.7-py3.6.egg", hash = "sha256:eaf35047a0b068e3e0c2a99618b13b65c98c329661daa78c9d44a4ef0fe8139e"},
    {file = "pyasn1_modules-0.2.7-py3.7.egg", hash = "sha256:c14b107a67ee36a7f183ae9f4803ffde4a03b67f3192eab0a62e851af71371d3"},
]
pyparsing = [
    {file = "pyparsing-2.4.5-py2.py3-none-any.whl", hash = "sha256:20f995ecd72f2a1f4bf6b072b63b22e2eb457836601e76d6e5dfcd75436acc1f"},
    {file = "pyparsing-2.4.5.tar.gz", hash = "sha256:4ca62001be367f01bd3e92ecbb79070272a9d4964dce6a48a82ff0b8bc7e683a"},
]
pytest = [
    {file = "pytest-5.3.2-py3-none-any.whl", hash = "sha256:e41d489ff43948babd0fad7ad5e49b8735d5d55e26628a58673c39ff61d95de4"},
    {file = "pytest-5.3.2.tar.gz", hash = "sha256:6b571215b5a790f9b41f19f3531c53a45cf6bb8ef2988bc1ff9afb38270b25fa"},
]
pytz = [
    {file = "pytz-2019.3-py2.py3-none-any.whl", hash = "sha256:1c557d7d0e871de1f5ccd5833f60fb2550652da6be2693c1e02300743d21500d"},
    {file = "pytz-2019.3.tar.gz", hash = "sha256:b02c06db6cf09c12dd25137e563b31700d3b80fcc4ad23abb7a315f2789819be"},
]
requests = [
    {file = "requests-2.22.0-py2.py3-none-any.whl", hash = "sha256:9cf5292fcd0f598c671cfc1e0d7d1a7f13bb8085e9a590f48c010551dc6c4b31"},
    {file = "requests-2.22.0.tar.gz", hash = "sha256:11e007a8a2aa0323f5a921e9e6a2d7e4e67d9877e85773fba9ba6419025cbeb4"},
]
rsa = [
    {file = "rsa-4.0-py2.py3-none-any.whl", hash = "sha256:14ba45700ff1ec9eeb206a2ce76b32814958a98e372006c8fb76ba820211be66"},
    {file = "rsa-4.0.tar.gz", hash = "sha256:1a836406405730121ae9823e19c6e806c62bbad73f890574fff50efa4122c487"},
]
six = [
    {file = "six-1.13.0-py2.py3-none-any.whl", hash = "sha256:1f1b7d42e254082a9db6279deae68afb421ceba6158efa6131de7b3003ee93fd"},
    {file = "six-1.13.0.tar.gz", hash = "sha256:30f610279e8b2578cab6db20741130331735c781b56053c59c4076da27f06b66"},
]
sqlparse = [
    {file = "sqlparse-0.2.4-py2.py3-none-any.whl", hash = "sha256:d9cf190f51cbb26da0412247dfe4fb5f4098edb73db84e02f9fc21fdca31fed4"},
    {file = "sqlparse-0.2.4.tar.gz", hash = "sha256:ce028444cfab83be538752a2ffdb56bc417b7784ff35bb9a3062413717807dec"},
]
tabulate = [
    {file = "tabulate-0.8.6.tar.gz", hash = "sha256:5470cc6687a091c7042cee89b2946d9235fe9f6d49c193a4ae2ac7bf386737c8"},
]
urllib3 = [
    {file = "urllib3-1.25.7-py2.py3-none-any.whl", hash = "sha256:a8a318824cc77d1fd4b2bec2ded92646630d7fe8619497b142c84a9e6f5a7293"},
    {file = "urllib3-1.25.7.tar.gz", hash = "sha256:f3c5fd51747d450d4dcf6f923c81f78f811aab8205fda64b0aba34a4e48b0745"},
]
wcwidth = [
    {file = "wcwidth-0.1.7-py2.py3-none-any.whl", hash = "sha256:f4ebe71925af7b40a864553f761ed559b43544f8f71746c2d756c7fe788ade7c"},
    {file = "wcwidth-0.1.7.tar.gz", hash = "sha256:3df37372226d6e63e1b1e1eda15c594bca98a22d33a23832a90998faa96bc65e"},
]
zipp = [
    {file = "zipp-0.6.0-py2.py3-none-any.whl", hash = "sha256:f06903e9f1f43b12d371004b4ac7b06ab39a44adc747266928ae6debfa7b3335"},
    {file = "zipp-0.6.0.tar.gz", hash = "sha256:3718b1cbcd963c7d4c5511a8240812904164b7f381b647143a89d3b98f9bcd8e"},
]
